
Microsoft Visual Studio Solution File, Format Version 12.00
# Visual Studio 14
VisualStudioVersion = 14.0.24720.0
MinimumVisualStudioVersion = 10.0.40219.1
Project("{FAE04EC0-301F-11D3-BF4B-00C04F79EFBC}") = "CookingForumClient", "CookingForum\CookingForumClient.csproj", "{76CAB507-D19D-423D-BFF2-91C2E317A837}"
EndProject
Project("{FAE04EC0-301F-11D3-BF4B-00C04F79EFBC}") = "CookingForumServer", "CookingFormServer\CookingForumServer.csproj", "{A24D3419-317A-4C41-8F5E-3700E2F9E48B}"
EndProject
Global
	GlobalSection(SolutionConfigurationPlatforms) = preSolution
		Debug|Any CPU = Debug|Any CPU
		Release|Any CPU = Release|Any CPU
	EndGlobalSection
	GlobalSection(ProjectConfigurationPlatforms) = postSolution
		{76CAB507-D19D-423D-BFF2-91C2E317A837}.Debug|Any CPU.ActiveCfg = Debug|Any CPU
		{76CAB507-D19D-423D-BFF2-91C2E317A837}.Debug|Any CPU.Build.0 = Debug|Any CPU
		{76CAB507-D19D-423D-BFF2-91C2E317A837}.Release|Any CPU.ActiveCfg = Release|Any CPU
		{76CAB507-D19D-423D-BFF2-91C2E317A837}.Release|Any CPU.Build.0 = Release|Any CPU
		{A24D3419-317A-4C41-8F5E-3700E2F9E48B}.Debug|Any CPU.ActiveCfg = Debug|Any CPU
		{A24D3419-317A-4C41-8F5E-3700E2F9E48B}.Debug|Any CPU.Build.0 = Debug|Any CPU
		{A24D3419-317A-4C41-8F5E-3700E2F9E48B}.Release|Any CPU.ActiveCfg = Release|Any CPU
		{A24D3419-317A-4C41-8F5E-3700E2F9E48B}.Release|Any CPU.Build.0 = Release|Any CPU
	EndGlobalSection
	GlobalSection(SolutionProperties) = preSolution
		HideSolutionNode = FALSE
	EndGlobalSection
EndGlobal
